# This file is automatically @generated by Cargo.
# It is not intended for manual editing.
version = 3

[[package]]
name = "core_rs"
version = "0.0.0"

[[package]]
name = "jit"
version = "0.1.0"

[[package]]
name = "ruby"
version = "0.0.0"
dependencies = [
 "core_rs",
 "yjit",
 "zjit",
]

[[package]]
name = "yjit"
version = "0.1.0"
dependencies = [
 "jit",
]

[[package]]
name = "zjit"
version = "0.0.1"
dependencies = [
 "jit",
 "yjit",
]
